
Microsoft Visual Studio Solution File, Format Version 12.00
# Visual Studio Version 16
VisualStudioVersion = 16.0.30804.86
MinimumVisualStudioVersion = 10.0.40219.1
Project("{9A19103F-16F7-4668-BE54-9A1E7A4F7556}") = "01 EF ADO", "01 EF ADO\01 EF ADO.csproj", "{FDD2F986-BAA6-47D2-91F4-8A796737BBE6}"
EndProject
Project("{9A19103F-16F7-4668-BE54-9A1E7A4F7556}") = "SQL Injection", "SQL Injection\SQL Injection.csproj", "{907B8983-AC0A-49C5-9D60-E6ACA1863183}"
EndProject
Project("{2150E333-8FDC-42A3-9474-1A3956D46DE8}") = "01 ADO", "01 ADO", "{D2EF4334-CE64-460A-AD37-54831F961E25}"
EndProject
Project("{9A19103F-16F7-4668-BE54-9A1E7A4F7556}") = "02 InitialSetup", "02 InitialSetup\02 InitialSetup.csproj", "{4F54E312-AF45-4DAA-B307-A91B0065E77A}"
EndProject
Project("{9A19103F-16F7-4668-BE54-9A1E7A4F7556}") = "03 MinionNames", "03 MinionNames\03 MinionNames.csproj", "{993A270F-DA42-4860-8E09-0E13043CD411}"
EndProject
Project("{9A19103F-16F7-4668-BE54-9A1E7A4F7556}") = "04 AddMinion", "04 AddMinion\04 AddMinion.csproj", "{61D62FED-7ECA-4450-BCAC-B581C37F6487}"
EndProject
Project("{2150E333-8FDC-42A3-9474-1A3956D46DE8}") = "02 ORM", "02 ORM", "{C8FC7714-46BF-4A34-9B3B-4A26EA2FFEF1}"
EndProject
Project("{2150E333-8FDC-42A3-9474-1A3956D46DE8}") = "03 EF", "03 EF", "{BF59F0D2-8C0F-4E2D-A0A9-302D5AC2E7A7}"
EndProject
Project("{9A19103F-16F7-4668-BE54-9A1E7A4F7556}") = "EFDemoDBFirst", "EFDemo\EFDemoDBFirst.csproj", "{D4479FA3-3C4D-4A25-A06B-26E5D285373B}"
EndProject
Project("{9A19103F-16F7-4668-BE54-9A1E7A4F7556}") = "DBSystemCodeFirst", "DBSystemCodeFirst\DBSystemCodeFirst.csproj", "{3E5EACCD-5B1B-4793-B178-08055106DD5E}"
EndProject
Project("{9A19103F-16F7-4668-BE54-9A1E7A4F7556}") = "EFPerformanceProblems", "EFPerformanceProblems\EFPerformanceProblems.csproj", "{1C3DE987-B1C5-4B23-8FFD-3D488EAFD5F7}"
EndProject
Project("{2150E333-8FDC-42A3-9474-1A3956D46DE8}") = "04 EntityRelations", "04 EntityRelations", "{BA6AEDBE-B89A-414B-8B2A-85082A830B99}"
EndProject
Project("{9A19103F-16F7-4668-BE54-9A1E7A4F7556}") = "P03_FootballBetting", "P03_FootballBetting\P03_FootballBetting.csproj", "{7F410323-5961-4946-83FF-BD55FB819E10}"
EndProject
Project("{9A19103F-16F7-4668-BE54-9A1E7A4F7556}") = "P03_FootballBetting.Data", "P03_FootballBetting.Data\P03_FootballBetting.Data.csproj", "{EF69F736-742E-4980-AF3B-9BE08B74420A}"
EndProject
Project("{9A19103F-16F7-4668-BE54-9A1E7A4F7556}") = "P03_FootballBetting.Data.Models", "P03_FootballBetting.Data.Models\P03_FootballBetting.Data.Models.csproj", "{45FE0CE5-5611-41A4-9115-47CB4219A067}"
EndProject
Project("{9A19103F-16F7-4668-BE54-9A1E7A4F7556}") = "P03_FootballBetting.Web", "P03_FootballBetting.Web\P03_FootballBetting.Web.csproj", "{5DF51C0B-FAA2-4D56-8B47-29887A9ADF18}"
EndProject
Project("{FAE04EC0-301F-11D3-BF4B-00C04F79EFBC}") = "05 ChangeTownNameCasing", "05 ChangeTownNameCasing\05 ChangeTownNameCasing.csproj", "{08F6778E-8D25-4E82-A526-4F40E734D827}"
EndProject
Project("{FAE04EC0-301F-11D3-BF4B-00C04F79EFBC}") = "06 RemoveVillain", "06 RemoveVillain\06 RemoveVillain.csproj", "{7DAD2D68-9DE9-4039-9656-C6AB31F1C9B4}"
EndProject
Project("{FAE04EC0-301F-11D3-BF4B-00C04F79EFBC}") = "07 PrinAllMinionsName", "07 PrinAllMinionsName\07 PrinAllMinionsName.csproj", "{0725A20F-DAC8-4F29-8150-A72AC7E34EDA}"
EndProject
Project("{FAE04EC0-301F-11D3-BF4B-00C04F79EFBC}") = "08 IncreaseMinionAge", "08 IncreaseMinionAge\08 IncreaseMinionAge.csproj", "{1EBB0837-DB42-41C2-94C5-080D996FBB60}"
EndProject
Project("{FAE04EC0-301F-11D3-BF4B-00C04F79EFBC}") = "09 IncreaseAgeStoredProcedure", "09 IncreaseAgeStoredProcedure\09 IncreaseAgeStoredProcedure.csproj", "{3F856C70-7588-42EB-8B76-A3E19BAB108A}"
EndProject
Global
	GlobalSection(SolutionConfigurationPlatforms) = preSolution
		Debug|Any CPU = Debug|Any CPU
		Release|Any CPU = Release|Any CPU
	EndGlobalSection
	GlobalSection(ProjectConfigurationPlatforms) = postSolution
		{FDD2F986-BAA6-47D2-91F4-8A796737BBE6}.Debug|Any CPU.ActiveCfg = Debug|Any CPU
		{FDD2F986-BAA6-47D2-91F4-8A796737BBE6}.Debug|Any CPU.Build.0 = Debug|Any CPU
		{FDD2F986-BAA6-47D2-91F4-8A796737BBE6}.Release|Any CPU.ActiveCfg = Release|Any CPU
		{FDD2F986-BAA6-47D2-91F4-8A796737BBE6}.Release|Any CPU.Build.0 = Release|Any CPU
		{907B8983-AC0A-49C5-9D60-E6ACA1863183}.Debug|Any CPU.ActiveCfg = Debug|Any CPU
		{907B8983-AC0A-49C5-9D60-E6ACA1863183}.Debug|Any CPU.Build.0 = Debug|Any CPU
		{907B8983-AC0A-49C5-9D60-E6ACA1863183}.Release|Any CPU.ActiveCfg = Release|Any CPU
		{907B8983-AC0A-49C5-9D60-E6ACA1863183}.Release|Any CPU.Build.0 = Release|Any CPU
		{4F54E312-AF45-4DAA-B307-A91B0065E77A}.Debug|Any CPU.ActiveCfg = Debug|Any CPU
		{4F54E312-AF45-4DAA-B307-A91B0065E77A}.Debug|Any CPU.Build.0 = Debug|Any CPU
		{4F54E312-AF45-4DAA-B307-A91B0065E77A}.Release|Any CPU.ActiveCfg = Release|Any CPU
		{4F54E312-AF45-4DAA-B307-A91B0065E77A}.Release|Any CPU.Build.0 = Release|Any CPU
		{993A270F-DA42-4860-8E09-0E13043CD411}.Debug|Any CPU.ActiveCfg = Debug|Any CPU
		{993A270F-DA42-4860-8E09-0E13043CD411}.Debug|Any CPU.Build.0 = Debug|Any CPU
		{993A270F-DA42-4860-8E09-0E13043CD411}.Release|Any CPU.ActiveCfg = Release|Any CPU
		{993A270F-DA42-4860-8E09-0E13043CD411}.Release|Any CPU.Build.0 = Release|Any CPU
		{61D62FED-7ECA-4450-BCAC-B581C37F6487}.Debug|Any CPU.ActiveCfg = Debug|Any CPU
		{61D62FED-7ECA-4450-BCAC-B581C37F6487}.Debug|Any CPU.Build.0 = Debug|Any CPU
		{61D62FED-7ECA-4450-BCAC-B581C37F6487}.Release|Any CPU.ActiveCfg = Release|Any CPU
		{61D62FED-7ECA-4450-BCAC-B581C37F6487}.Release|Any CPU.Build.0 = Release|Any CPU
		{D4479FA3-3C4D-4A25-A06B-26E5D285373B}.Debug|Any CPU.ActiveCfg = Debug|Any CPU
		{D4479FA3-3C4D-4A25-A06B-26E5D285373B}.Debug|Any CPU.Build.0 = Debug|Any CPU
		{D4479FA3-3C4D-4A25-A06B-26E5D285373B}.Release|Any CPU.ActiveCfg = Release|Any CPU
		{D4479FA3-3C4D-4A25-A06B-26E5D285373B}.Release|Any CPU.Build.0 = Release|Any CPU
		{3E5EACCD-5B1B-4793-B178-08055106DD5E}.Debug|Any CPU.ActiveCfg = Debug|Any CPU
		{3E5EACCD-5B1B-4793-B178-08055106DD5E}.Debug|Any CPU.Build.0 = Debug|Any CPU
		{3E5EACCD-5B1B-4793-B178-08055106DD5E}.Release|Any CPU.ActiveCfg = Release|Any CPU
		{3E5EACCD-5B1B-4793-B178-08055106DD5E}.Release|Any CPU.Build.0 = Release|Any CPU
		{1C3DE987-B1C5-4B23-8FFD-3D488EAFD5F7}.Debug|Any CPU.ActiveCfg = Debug|Any CPU
		{1C3DE987-B1C5-4B23-8FFD-3D488EAFD5F7}.Debug|Any CPU.Build.0 = Debug|Any CPU
		{1C3DE987-B1C5-4B23-8FFD-3D488EAFD5F7}.Release|Any CPU.ActiveCfg = Release|Any CPU
		{1C3DE987-B1C5-4B23-8FFD-3D488EAFD5F7}.Release|Any CPU.Build.0 = Release|Any CPU
		{7F410323-5961-4946-83FF-BD55FB819E10}.Debug|Any CPU.ActiveCfg = Debug|Any CPU
		{7F410323-5961-4946-83FF-BD55FB819E10}.Debug|Any CPU.Build.0 = Debug|Any CPU
		{7F410323-5961-4946-83FF-BD55FB819E10}.Release|Any CPU.ActiveCfg = Release|Any CPU
		{7F410323-5961-4946-83FF-BD55FB819E10}.Release|Any CPU.Build.0 = Release|Any CPU
		{EF69F736-742E-4980-AF3B-9BE08B74420A}.Debug|Any CPU.ActiveCfg = Debug|Any CPU
		{EF69F736-742E-4980-AF3B-9BE08B74420A}.Debug|Any CPU.Build.0 = Debug|Any CPU
		{EF69F736-742E-4980-AF3B-9BE08B74420A}.Release|Any CPU.ActiveCfg = Release|Any CPU
		{EF69F736-742E-4980-AF3B-9BE08B74420A}.Release|Any CPU.Build.0 = Release|Any CPU
		{45FE0CE5-5611-41A4-9115-47CB4219A067}.Debug|Any CPU.ActiveCfg = Debug|Any CPU
		{45FE0CE5-5611-41A4-9115-47CB4219A067}.Debug|Any CPU.Build.0 = Debug|Any CPU
		{45FE0CE5-5611-41A4-9115-47CB4219A067}.Release|Any CPU.ActiveCfg = Release|Any CPU
		{45FE0CE5-5611-41A4-9115-47CB4219A067}.Release|Any CPU.Build.0 = Release|Any CPU
		{5DF51C0B-FAA2-4D56-8B47-29887A9ADF18}.Debug|Any CPU.ActiveCfg = Debug|Any CPU
		{5DF51C0B-FAA2-4D56-8B47-29887A9ADF18}.Debug|Any CPU.Build.0 = Debug|Any CPU
		{5DF51C0B-FAA2-4D56-8B47-29887A9ADF18}.Release|Any CPU.ActiveCfg = Release|Any CPU
		{5DF51C0B-FAA2-4D56-8B47-29887A9ADF18}.Release|Any CPU.Build.0 = Release|Any CPU
		{08F6778E-8D25-4E82-A526-4F40E734D827}.Debug|Any CPU.ActiveCfg = Debug|Any CPU
		{08F6778E-8D25-4E82-A526-4F40E734D827}.Debug|Any CPU.Build.0 = Debug|Any CPU
		{08F6778E-8D25-4E82-A526-4F40E734D827}.Release|Any CPU.ActiveCfg = Release|Any CPU
		{08F6778E-8D25-4E82-A526-4F40E734D827}.Release|Any CPU.Build.0 = Release|Any CPU
		{7DAD2D68-9DE9-4039-9656-C6AB31F1C9B4}.Debug|Any CPU.ActiveCfg = Debug|Any CPU
		{7DAD2D68-9DE9-4039-9656-C6AB31F1C9B4}.Debug|Any CPU.Build.0 = Debug|Any CPU
		{7DAD2D68-9DE9-4039-9656-C6AB31F1C9B4}.Release|Any CPU.ActiveCfg = Release|Any CPU
		{7DAD2D68-9DE9-4039-9656-C6AB31F1C9B4}.Release|Any CPU.Build.0 = Release|Any CPU
		{0725A20F-DAC8-4F29-8150-A72AC7E34EDA}.Debug|Any CPU.ActiveCfg = Debug|Any CPU
		{0725A20F-DAC8-4F29-8150-A72AC7E34EDA}.Debug|Any CPU.Build.0 = Debug|Any CPU
		{0725A20F-DAC8-4F29-8150-A72AC7E34EDA}.Release|Any CPU.ActiveCfg = Release|Any CPU
		{0725A20F-DAC8-4F29-8150-A72AC7E34EDA}.Release|Any CPU.Build.0 = Release|Any CPU
		{1EBB0837-DB42-41C2-94C5-080D996FBB60}.Debug|Any CPU.ActiveCfg = Debug|Any CPU
		{1EBB0837-DB42-41C2-94C5-080D996FBB60}.Debug|Any CPU.Build.0 = Debug|Any CPU
		{1EBB0837-DB42-41C2-94C5-080D996FBB60}.Release|Any CPU.ActiveCfg = Release|Any CPU
		{1EBB0837-DB42-41C2-94C5-080D996FBB60}.Release|Any CPU.Build.0 = Release|Any CPU
		{3F856C70-7588-42EB-8B76-A3E19BAB108A}.Debug|Any CPU.ActiveCfg = Debug|Any CPU
		{3F856C70-7588-42EB-8B76-A3E19BAB108A}.Debug|Any CPU.Build.0 = Debug|Any CPU
		{3F856C70-7588-42EB-8B76-A3E19BAB108A}.Release|Any CPU.ActiveCfg = Release|Any CPU
		{3F856C70-7588-42EB-8B76-A3E19BAB108A}.Release|Any CPU.Build.0 = Release|Any CPU
	EndGlobalSection
	GlobalSection(SolutionProperties) = preSolution
		HideSolutionNode = FALSE
	EndGlobalSection
	GlobalSection(NestedProjects) = preSolution
		{FDD2F986-BAA6-47D2-91F4-8A796737BBE6} = {D2EF4334-CE64-460A-AD37-54831F961E25}
		{907B8983-AC0A-49C5-9D60-E6ACA1863183} = {D2EF4334-CE64-460A-AD37-54831F961E25}
		{4F54E312-AF45-4DAA-B307-A91B0065E77A} = {D2EF4334-CE64-460A-AD37-54831F961E25}
		{993A270F-DA42-4860-8E09-0E13043CD411} = {D2EF4334-CE64-460A-AD37-54831F961E25}
		{61D62FED-7ECA-4450-BCAC-B581C37F6487} = {D2EF4334-CE64-460A-AD37-54831F961E25}
		{D4479FA3-3C4D-4A25-A06B-26E5D285373B} = {BF59F0D2-8C0F-4E2D-A0A9-302D5AC2E7A7}
		{3E5EACCD-5B1B-4793-B178-08055106DD5E} = {BF59F0D2-8C0F-4E2D-A0A9-302D5AC2E7A7}
		{1C3DE987-B1C5-4B23-8FFD-3D488EAFD5F7} = {BF59F0D2-8C0F-4E2D-A0A9-302D5AC2E7A7}
		{7F410323-5961-4946-83FF-BD55FB819E10} = {BA6AEDBE-B89A-414B-8B2A-85082A830B99}
		{EF69F736-742E-4980-AF3B-9BE08B74420A} = {BA6AEDBE-B89A-414B-8B2A-85082A830B99}
		{45FE0CE5-5611-41A4-9115-47CB4219A067} = {BA6AEDBE-B89A-414B-8B2A-85082A830B99}
		{5DF51C0B-FAA2-4D56-8B47-29887A9ADF18} = {BA6AEDBE-B89A-414B-8B2A-85082A830B99}
		{08F6778E-8D25-4E82-A526-4F40E734D827} = {D2EF4334-CE64-460A-AD37-54831F961E25}
		{7DAD2D68-9DE9-4039-9656-C6AB31F1C9B4} = {D2EF4334-CE64-460A-AD37-54831F961E25}
		{0725A20F-DAC8-4F29-8150-A72AC7E34EDA} = {D2EF4334-CE64-460A-AD37-54831F961E25}
		{1EBB0837-DB42-41C2-94C5-080D996FBB60} = {D2EF4334-CE64-460A-AD37-54831F961E25}
		{3F856C70-7588-42EB-8B76-A3E19BAB108A} = {D2EF4334-CE64-460A-AD37-54831F961E25}
	EndGlobalSection
	GlobalSection(ExtensibilityGlobals) = postSolution
		SolutionGuid = {4A9EBF98-C2E3-46EE-B568-DEA8179CC103}
	EndGlobalSection
EndGlobal
